
Microsoft Visual Studio Solution File, Format Version 12.00
# Visual Studio Version 17
VisualStudioVersion = 17.10.34928.147
MinimumVisualStudioVersion = 10.0.40219.1
Project("{FAE04EC0-301F-11D3-BF4B-00C04F79EFBC}") = "FanucProgrammer", "FanucProgrammer\FanucProgrammer.csproj", "{21FB7D11-4829-417D-9EFC-B40D31E48200}"
EndProject
Global
	GlobalSection(SolutionConfigurationPlatforms) = preSolution
		Debug|Any CPU = Debug|Any CPU
		Release|Any CPU = Release|Any CPU
	EndGlobalSection
	GlobalSection(ProjectConfigurationPlatforms) = postSolution
		{21FB7D11-4829-417D-9EFC-B40D31E48200}.Debug|Any CPU.ActiveCfg = Debug|Any CPU
		{21FB7D11-4829-417D-9EFC-B40D31E48200}.Debug|Any CPU.Build.0 = Debug|Any CPU
		{21FB7D11-4829-417D-9EFC-B40D31E48200}.Release|Any CPU.ActiveCfg = Release|Any CPU
		{21FB7D11-4829-417D-9EFC-B40D31E48200}.Release|Any CPU.Build.0 = Release|Any CPU
	EndGlobalSection
	GlobalSection(SolutionProperties) = preSolution
		HideSolutionNode = FALSE
	EndGlobalSection
	GlobalSection(ExtensibilityGlobals) = postSolution
		SolutionGuid = {19A7BC8A-740C-458B-AD02-49759C9443EB}
	EndGlobalSection
EndGlobal
